Microsoft Visual Studio Solution File, Format Version 12.00
# Visual Studio Version 17
VisualStudioVersion = 17.5.2.0
MinimumVisualStudioVersion = 10.0.40219.1
Project("{FAE04EC0-301F-11D3-BF4B-00C04F79EFBC}") = "CUM", "CUM.csproj", "{4FE45B9F-02A2-3593-F735-6C561421E288}"
EndProject
Global
	GlobalSection(SolutionConfigurationPlatforms) = preSolution
		Debug|Any CPU = Debug|Any CPU
		Release|Any CPU = Release|Any CPU
	EndGlobalSection
	GlobalSection(ProjectConfigurationPlatforms) = postSolution
		{4FE45B9F-02A2-3593-F735-6C561421E288}.Debug|Any CPU.ActiveCfg = Debug|Any CPU
		{4FE45B9F-02A2-3593-F735-6C561421E288}.Debug|Any CPU.Build.0 = Debug|Any CPU
		{4FE45B9F-02A2-3593-F735-6C561421E288}.Release|Any CPU.ActiveCfg = Release|Any CPU
		{4FE45B9F-02A2-3593-F735-6C561421E288}.Release|Any CPU.Build.0 = Release|Any CPU
	EndGlobalSection
	GlobalSection(SolutionProperties) = preSolution
		HideSolutionNode = FALSE
	EndGlobalSection
	GlobalSection(ExtensibilityGlobals) = postSolution
		SolutionGuid = {2F06F5EB-F64F-40BD-BDE1-A4129F27EE87}
	EndGlobalSection
EndGlobal
